
Microsoft Visual Studio Solution File, Format Version 12.00
# Visual Studio Version 17
VisualStudioVersion = 17.8.34330.188
MinimumVisualStudioVersion = 10.0.40219.1
Project("{FAE04EC0-301F-11D3-BF4B-00C04F79EFBC}") = "Basics", "Basics.csproj", "{14668092-1F26-412B-9EAA-0769BD1EF22F}"
EndProject
Global
	GlobalSection(SolutionConfigurationPlatforms) = preSolution
		Debug|Any CPU = Debug|Any CPU
		Release|Any CPU = Release|Any CPU
	EndGlobalSection
	GlobalSection(ProjectConfigurationPlatforms) = postSolution
		{14668092-1F26-412B-9EAA-0769BD1EF22F}.Debug|Any CPU.ActiveCfg = Debug|Any CPU
		{14668092-1F26-412B-9EAA-0769BD1EF22F}.Debug|Any CPU.Build.0 = Debug|Any CPU
		{14668092-1F26-412B-9EAA-0769BD1EF22F}.Release|Any CPU.ActiveCfg = Release|Any CPU
		{14668092-1F26-412B-9EAA-0769BD1EF22F}.Release|Any CPU.Build.0 = Release|Any CPU
	EndGlobalSection
	GlobalSection(SolutionProperties) = preSolution
		HideSolutionNode = FALSE
	EndGlobalSection
	GlobalSection(ExtensibilityGlobals) = postSolution
		SolutionGuid = {750C91F8-79DA-4677-83F0-230EAEAF0CC6}
	EndGlobalSection
EndGlobal
