
Microsoft Visual Studio Solution File, Format Version 12.00
# Visual Studio Version 17
VisualStudioVersion = 17.8.34330.188
MinimumVisualStudioVersion = 10.0.40219.1
Project("{9A19103F-16F7-4668-BE54-9A1E7A4F7556}") = "MovieApi", "MovieApi\MovieApi.csproj", "{17ECC0A6-63FD-4716-AF74-D8BD14857104}"
EndProject
Project("{9A19103F-16F7-4668-BE54-9A1E7A4F7556}") = "TestMovieApi", "TestMovieApi\TestMovieApi.csproj", "{93903A29-245D-4134-B7E0-F1F64A8C8BB1}"
EndProject
Project("{2150E333-8FDC-42A3-9474-1A3956D46DE8}") = "Solution Items", "Solution Items", "{6C33B3B8-6361-4C63-96A5-B7B21D6AACE1}"
	ProjectSection(SolutionItems) = preProject
		docker-compose.yml = docker-compose.yml
	EndProjectSection
EndProject
Global
	GlobalSection(SolutionConfigurationPlatforms) = preSolution
		Debug|Any CPU = Debug|Any CPU
		Release|Any CPU = Release|Any CPU
	EndGlobalSection
	GlobalSection(ProjectConfigurationPlatforms) = postSolution
		{17ECC0A6-63FD-4716-AF74-D8BD14857104}.Debug|Any CPU.ActiveCfg = Debug|Any CPU
		{17ECC0A6-63FD-4716-AF74-D8BD14857104}.Debug|Any CPU.Build.0 = Debug|Any CPU
		{17ECC0A6-63FD-4716-AF74-D8BD14857104}.Release|Any CPU.ActiveCfg = Release|Any CPU
		{17ECC0A6-63FD-4716-AF74-D8BD14857104}.Release|Any CPU.Build.0 = Release|Any CPU
		{93903A29-245D-4134-B7E0-F1F64A8C8BB1}.Debug|Any CPU.ActiveCfg = Debug|Any CPU
		{93903A29-245D-4134-B7E0-F1F64A8C8BB1}.Debug|Any CPU.Build.0 = Debug|Any CPU
		{93903A29-245D-4134-B7E0-F1F64A8C8BB1}.Release|Any CPU.ActiveCfg = Release|Any CPU
		{93903A29-245D-4134-B7E0-F1F64A8C8BB1}.Release|Any CPU.Build.0 = Release|Any CPU
	EndGlobalSection
	GlobalSection(SolutionProperties) = preSolution
		HideSolutionNode = FALSE
	EndGlobalSection
	GlobalSection(ExtensibilityGlobals) = postSolution
		SolutionGuid = {2F27DF6D-6D8A-4306-89E9-5665A2EAC2DE}
	EndGlobalSection
EndGlobal
